
Microsoft Visual Studio Solution File, Format Version 12.00
# Visual Studio Version 17
VisualStudioVersion = 17.11.35312.102
MinimumVisualStudioVersion = 10.0.40219.1
Project("{FAE04EC0-301F-11D3-BF4B-00C04F79EFBC}") = "UTA.FISEI.FlightsReservations.Domain", "UTA.FISEI.FlightsReservations.Domain.csproj", "{4A652735-83B9-41B2-A487-55D182CCCCA5}"
EndProject
Project("{2150E333-8FDC-42A3-9474-1A3956D46DE8}") = "Domain Layer", "Domain Layer", "{6BE80A3F-321B-45E8-9389-2A1F1FEED652}"
EndProject
Project("{2150E333-8FDC-42A3-9474-1A3956D46DE8}") = "Infraestructure Layer", "Infraestructure Layer", "{B68069C9-0C15-43C7-8299-0B818863730C}"
EndProject
Project("{2150E333-8FDC-42A3-9474-1A3956D46DE8}") = "Service Layer", "Service Layer", "{3D0CBA47-0CB4-436F-9ED5-9423368D7F07}"
EndProject
Project("{FAE04EC0-301F-11D3-BF4B-00C04F79EFBC}") = "UTA.FISEI.FlightsReservations.Interfaces", "..\UTA.FISEI.FlightsReservations.Interfaces\UTA.FISEI.FlightsReservations.Interfaces.csproj", "{0C222FFA-A7AD-4DF0-ADE1-3D7901CAFC54}"
EndProject
Project("{FAE04EC0-301F-11D3-BF4B-00C04F79EFBC}") = "UTA.FISEI.FlightsReservations.Facade", "..\UTA.FISEI.FlightsReservations.Facade\UTA.FISEI.FlightsReservations.Facade.csproj", "{ABFCB409-8A4A-4709-816D-8BA2FFDE0FDB}"
EndProject
Project("{FAE04EC0-301F-11D3-BF4B-00C04F79EFBC}") = "UTA.FISEI.FlightsReservations.Repository", "..\UTA.FISEI.FlightsReservations.Repository\UTA.FISEI.FlightsReservations.Repository.csproj", "{F5EF803B-6DD9-4DE3-8D04-DAB60940FC54}"
EndProject
Project("{FAE04EC0-301F-11D3-BF4B-00C04F79EFBC}") = "UTA.FISEI.FlightsReservations.Implementation", "..\UTA.FISEI.FlightsReservations.Implementation\UTA.FISEI.FlightsReservations.Implementation.csproj", "{E421D2E9-D7C6-47EA-A0C6-53EF588273BD}"
EndProject
Project("{FAE04EC0-301F-11D3-BF4B-00C04F79EFBC}") = "UTA.FISEI.FlightsReservation.Contract", "..\UTA.FISEI.FlightsReservation.Contract\UTA.FISEI.FlightsReservation.Contract.csproj", "{B160C5C3-53D8-474D-BEF7-0D015E9AE445}"
EndProject
Project("{FAE04EC0-301F-11D3-BF4B-00C04F79EFBC}") = "UTA.FISEI.FlightsReservations.WcfService", "..\UTA.FISEI.FlightsReservations.WcfService\UTA.FISEI.FlightsReservations.WcfService.csproj", "{73707EC1-7F5F-4CCD-9EAD-38B5DD372AF9}"
EndProject
Global
	GlobalSection(SolutionConfigurationPlatforms) = preSolution
		Debug|Any CPU = Debug|Any CPU
		Release|Any CPU = Release|Any CPU
	EndGlobalSection
	GlobalSection(ProjectConfigurationPlatforms) = postSolution
		{4A652735-83B9-41B2-A487-55D182CCCCA5}.Debug|Any CPU.ActiveCfg = Debug|Any CPU
		{4A652735-83B9-41B2-A487-55D182CCCCA5}.Debug|Any CPU.Build.0 = Debug|Any CPU
		{4A652735-83B9-41B2-A487-55D182CCCCA5}.Release|Any CPU.ActiveCfg = Release|Any CPU
		{4A652735-83B9-41B2-A487-55D182CCCCA5}.Release|Any CPU.Build.0 = Release|Any CPU
		{0C222FFA-A7AD-4DF0-ADE1-3D7901CAFC54}.Debug|Any CPU.ActiveCfg = Debug|Any CPU
		{0C222FFA-A7AD-4DF0-ADE1-3D7901CAFC54}.Debug|Any CPU.Build.0 = Debug|Any CPU
		{0C222FFA-A7AD-4DF0-ADE1-3D7901CAFC54}.Release|Any CPU.ActiveCfg = Release|Any CPU
		{0C222FFA-A7AD-4DF0-ADE1-3D7901CAFC54}.Release|Any CPU.Build.0 = Release|Any CPU
		{ABFCB409-8A4A-4709-816D-8BA2FFDE0FDB}.Debug|Any CPU.ActiveCfg = Debug|Any CPU
		{ABFCB409-8A4A-4709-816D-8BA2FFDE0FDB}.Debug|Any CPU.Build.0 = Debug|Any CPU
		{ABFCB409-8A4A-4709-816D-8BA2FFDE0FDB}.Release|Any CPU.ActiveCfg = Release|Any CPU
		{ABFCB409-8A4A-4709-816D-8BA2FFDE0FDB}.Release|Any CPU.Build.0 = Release|Any CPU
		{F5EF803B-6DD9-4DE3-8D04-DAB60940FC54}.Debug|Any CPU.ActiveCfg = Debug|Any CPU
		{F5EF803B-6DD9-4DE3-8D04-DAB60940FC54}.Debug|Any CPU.Build.0 = Debug|Any CPU
		{F5EF803B-6DD9-4DE3-8D04-DAB60940FC54}.Release|Any CPU.ActiveCfg = Release|Any CPU
		{F5EF803B-6DD9-4DE3-8D04-DAB60940FC54}.Release|Any CPU.Build.0 = Release|Any CPU
		{E421D2E9-D7C6-47EA-A0C6-53EF588273BD}.Debug|Any CPU.ActiveCfg = Debug|Any CPU
		{E421D2E9-D7C6-47EA-A0C6-53EF588273BD}.Debug|Any CPU.Build.0 = Debug|Any CPU
		{E421D2E9-D7C6-47EA-A0C6-53EF588273BD}.Release|Any CPU.ActiveCfg = Release|Any CPU
		{E421D2E9-D7C6-47EA-A0C6-53EF588273BD}.Release|Any CPU.Build.0 = Release|Any CPU
		{B160C5C3-53D8-474D-BEF7-0D015E9AE445}.Debug|Any CPU.ActiveCfg = Debug|Any CPU
		{B160C5C3-53D8-474D-BEF7-0D015E9AE445}.Debug|Any CPU.Build.0 = Debug|Any CPU
		{B160C5C3-53D8-474D-BEF7-0D015E9AE445}.Release|Any CPU.ActiveCfg = Release|Any CPU
		{B160C5C3-53D8-474D-BEF7-0D015E9AE445}.Release|Any CPU.Build.0 = Release|Any CPU
		{73707EC1-7F5F-4CCD-9EAD-38B5DD372AF9}.Debug|Any CPU.ActiveCfg = Debug|Any CPU
		{73707EC1-7F5F-4CCD-9EAD-38B5DD372AF9}.Debug|Any CPU.Build.0 = Debug|Any CPU
		{73707EC1-7F5F-4CCD-9EAD-38B5DD372AF9}.Release|Any CPU.ActiveCfg = Release|Any CPU
		{73707EC1-7F5F-4CCD-9EAD-38B5DD372AF9}.Release|Any CPU.Build.0 = Release|Any CPU
	EndGlobalSection
	GlobalSection(SolutionProperties) = preSolution
		HideSolutionNode = FALSE
	EndGlobalSection
	GlobalSection(NestedProjects) = preSolution
		{4A652735-83B9-41B2-A487-55D182CCCCA5} = {6BE80A3F-321B-45E8-9389-2A1F1FEED652}
		{0C222FFA-A7AD-4DF0-ADE1-3D7901CAFC54} = {6BE80A3F-321B-45E8-9389-2A1F1FEED652}
		{ABFCB409-8A4A-4709-816D-8BA2FFDE0FDB} = {6BE80A3F-321B-45E8-9389-2A1F1FEED652}
		{F5EF803B-6DD9-4DE3-8D04-DAB60940FC54} = {B68069C9-0C15-43C7-8299-0B818863730C}
		{E421D2E9-D7C6-47EA-A0C6-53EF588273BD} = {3D0CBA47-0CB4-436F-9ED5-9423368D7F07}
		{B160C5C3-53D8-474D-BEF7-0D015E9AE445} = {3D0CBA47-0CB4-436F-9ED5-9423368D7F07}
		{73707EC1-7F5F-4CCD-9EAD-38B5DD372AF9} = {3D0CBA47-0CB4-436F-9ED5-9423368D7F07}
	EndGlobalSection
	GlobalSection(ExtensibilityGlobals) = postSolution
		SolutionGuid = {1CD82EEA-B723-4973-8CB0-4127337A938F}
	EndGlobalSection
EndGlobal
